
Microsoft Visual Studio Solution File, Format Version 12.00
# Visual Studio 15
VisualStudioVersion = 15.0.27130.2003
MinimumVisualStudioVersion = 10.0.40219.1
Project("{FAE04EC0-301F-11D3-BF4B-00C04F79EFBC}") = "ServerSuperIO.Modbus", "ServerSuperIO.Modbus\ServerSuperIO.Modbus.csproj", "{F4B9647E-3A7E-4631-8F1C-F1B3C82FAA13}"
EndProject
Project("{FAE04EC0-301F-11D3-BF4B-00C04F79EFBC}") = "TestModbus", "TestModbus\TestModbus.csproj", "{90A4EAFD-CD6F-4768-869A-C99E43D27DE1}"
EndProject
Global
	GlobalSection(SolutionConfigurationPlatforms) = preSolution
		Debug|Any CPU = Debug|Any CPU
		Release|Any CPU = Release|Any CPU
	EndGlobalSection
	GlobalSection(ProjectConfigurationPlatforms) = postSolution
		{F4B9647E-3A7E-4631-8F1C-F1B3C82FAA13}.Debug|Any CPU.ActiveCfg = Debug|Any CPU
		{F4B9647E-3A7E-4631-8F1C-F1B3C82FAA13}.Debug|Any CPU.Build.0 = Debug|Any CPU
		{F4B9647E-3A7E-4631-8F1C-F1B3C82FAA13}.Release|Any CPU.ActiveCfg = Release|Any CPU
		{F4B9647E-3A7E-4631-8F1C-F1B3C82FAA13}.Release|Any CPU.Build.0 = Release|Any CPU
		{90A4EAFD-CD6F-4768-869A-C99E43D27DE1}.Debug|Any CPU.ActiveCfg = Debug|Any CPU
		{90A4EAFD-CD6F-4768-869A-C99E43D27DE1}.Debug|Any CPU.Build.0 = Debug|Any CPU
		{90A4EAFD-CD6F-4768-869A-C99E43D27DE1}.Release|Any CPU.ActiveCfg = Release|Any CPU
		{90A4EAFD-CD6F-4768-869A-C99E43D27DE1}.Release|Any CPU.Build.0 = Release|Any CPU
	EndGlobalSection
	GlobalSection(SolutionProperties) = preSolution
		HideSolutionNode = FALSE
	EndGlobalSection
	GlobalSection(ExtensibilityGlobals) = postSolution
		SolutionGuid = {29FAEAF3-49A4-449A-ACDD-67656EBE7921}
	EndGlobalSection
EndGlobal
